
Microsoft Visual Studio Solution File, Format Version 12.00
# Visual Studio Version 17
VisualStudioVersion = 17.13.35919.96 d17.13
MinimumVisualStudioVersion = 10.0.40219.1
Project("{FAE04EC0-301F-11D3-BF4B-00C04F79EFBC}") = "ExpenseReimbursement_WebApplication", "ExpenseReimbursement_WebApplication.csproj", "{485BA709-B71A-4E0F-AF23-826556B8494B}"
EndProject
Global
	GlobalSection(SolutionConfigurationPlatforms) = preSolution
		Debug|Any CPU = Debug|Any CPU
		Release|Any CPU = Release|Any CPU
	EndGlobalSection
	GlobalSection(ProjectConfigurationPlatforms) = postSolution
		{485BA709-B71A-4E0F-AF23-826556B8494B}.Debug|Any CPU.ActiveCfg = Debug|Any CPU
		{485BA709-B71A-4E0F-AF23-826556B8494B}.Debug|Any CPU.Build.0 = Debug|Any CPU
		{485BA709-B71A-4E0F-AF23-826556B8494B}.Release|Any CPU.ActiveCfg = Release|Any CPU
		{485BA709-B71A-4E0F-AF23-826556B8494B}.Release|Any CPU.Build.0 = Release|Any CPU
	EndGlobalSection
	GlobalSection(SolutionProperties) = preSolution
		HideSolutionNode = FALSE
	EndGlobalSection
	GlobalSection(ExtensibilityGlobals) = postSolution
		SolutionGuid = {020D04E4-EB5F-4722-BFE6-0F8B2EB650D3}
	EndGlobalSection
EndGlobal
